// !$*UTF8*$!
{
	archiveVersion = 1;
	classes = {
	};
	objectVersion = 50;
	objects = {

/* Begin PBXBuildFile section */
		A11CF59D25D741ED00F90D1F /* EmojiMemoryGame.swift in Sources */ = {isa = PBXBuildFile; fileRef = A11CF59C25D741ED00F90D1F /* EmojiMemoryGame.swift */; };
		A12C493525CA3376009046B2 /* MemorizeApp.swift in Sources */ = {isa = PBXBuildFile; fileRef = A12C493425CA3376009046B2 /* MemorizeApp.swift */; };
		A12C493725CA3376009046B2 /* EmojiMemoryGameView.swift in Sources */ = {isa = PBXBuildFile; fileRef = A12C493625CA3376009046B2 /* EmojiMemoryGameView.swift */; };
		A12C493925CA3379009046B2 /* Assets.xcassets in Resources */ = {isa = PBXBuildFile; fileRef = A12C493825CA3379009046B2 /* Assets.xcassets */; };
		A12C493C25CA3379009046B2 /* Preview Assets.xcassets in Resources */ = {isa = PBXBuildFile; fileRef = A12C493B25CA3379009046B2 /* Preview Assets.xcassets */; };
		A13F164B25F71BBC00DBEF03 /* Cardify.swift in Sources */ = {isa = PBXBuildFile; fileRef = A13F164A25F71BBC00DBEF03 /* Cardify.swift */; };
		A143AE3225E893340081EA29 /* Array+Identifiable.swift in Sources */ = {isa = PBXBuildFile; fileRef = A143AE3125E893340081EA29 /* Array+Identifiable.swift */; };
		A14742BC25F5C26000F14CE5 /* Pie.swift in Sources */ = {isa = PBXBuildFile; fileRef = A14742BB25F5C26000F14CE5 /* Pie.swift */; };
		A1B8403825D4C4390013B4B7 /* MemoryGame.swift in Sources */ = {isa = PBXBuildFile; fileRef = A1B8403725D4C4390013B4B7 /* MemoryGame.swift */; };
		A1C4586525EF15FD00FEC6A0 /* Array+Only.swift in Sources */ = {isa = PBXBuildFile; fileRef = A1C4586425EF15FD00FEC6A0 /* Array+Only.swift */; };
		A1C59B2D25E478EE00050547 /* Grid.swift in Sources */ = {isa = PBXBuildFile; fileRef = A1C59B2C25E478EE00050547 /* Grid.swift */; };
		A1C59B3525E48A1200050547 /* GridLayout.swift in Sources */ = {isa = PBXBuildFile; fileRef = A1C59B3425E48A1200050547 /* GridLayout.swift */; };
/* End PBXBuildFile section */

/* Begin PBXFileReference section */
		A11CF59C25D741ED00F90D1F /* EmojiMemoryGame.swift */ = {isa = PBXFileReference; lastKnownFileType = sourcecode.swift; path = EmojiMemoryGame.swift; sourceTree = "<group>"; };
		A12C493125CA3376009046B2 /* Memorize.app */ = {isa = PBXFileReference; explicitFileType = wrapper.application; includeInIndex = 0; path = Memorize.app; sourceTree = BUILT_PRODUCTS_DIR; };
		A12C493425CA3376009046B2 /* MemorizeApp.swift */ = {isa = PBXFileReference; lastKnownFileType = sourcecode.swift; path = MemorizeApp.swift; sourceTree = "<group>"; };
		A12C493625CA3376009046B2 /* EmojiMemoryGameView.swift */ = {isa = PBXFileReference; lastKnownFileType = sourcecode.swift; path = EmojiMemoryGameView.swift; sourceTree = "<group>"; };
		A12C493825CA3379009046B2 /* Assets.xcassets */ = {isa = PBXFileReference; lastKnownFileType = folder.assetcatalog; path = Assets.xcassets; sourceTree = "<group>"; };
		A12C493B25CA3379009046B2 /* Preview Assets.xcassets */ = {isa = PBXFileReference; lastKnownFileType = folder.assetcatalog; path = "Preview Assets.xcassets"; sourceTree = "<group>"; };
		A12C493D25CA3379009046B2 /* Info.plist */ = {isa = PBXFileReference; lastKnownFileType = text.plist.xml; path = Info.plist; sourceTree = "<group>"; };
		A13F164A25F71BBC00DBEF03 /* Cardify.swift */ = {isa = PBXFileReference; lastKnownFileType = sourcecode.swift; path = Cardify.swift; sourceTree = "<group>"; };
		A143AE3125E893340081EA29 /* Array+Identifiable.swift */ = {isa = PBXFileReference; lastKnownFileType = sourcecode.swift; path = "Array+Identifiable.swift"; sourceTree = "<group>"; };
		A14742BB25F5C26000F14CE5 /* Pie.swift */ = {isa = PBXFileReference; lastKnownFileType = sourcecode.swift; path = Pie.swift; sourceTree = "<group>"; };
		A1B8403725D4C4390013B4B7 /* MemoryGame.swift */ = {isa = PBXFileReference; lastKnownFileType = sourcecode.swift; path = MemoryGame.swift; sourceTree = "<group>"; };
		A1C4586425EF15FD00FEC6A0 /* Array+Only.swift */ = {isa = PBXFileReference; lastKnownFileType = sourcecode.swift; path = "Array+Only.swift"; sourceTree = "<group>"; };
		A1C59B2C25E478EE00050547 /* Grid.swift */ = {isa = PBXFileReference; lastKnownFileType = sourcecode.swift; path = Grid.swift; sourceTree = "<group>"; };
		A1C59B3425E48A1200050547 /* GridLayout.swift */ = {isa = PBXFileReference; lastKnownFileType = sourcecode.swift; path = GridLayout.swift; sourceTree = "<group>"; };
/* End PBXFileReference section */

/* Begin PBXFrameworksBuildPhase section */
		A12C492E25CA3376009046B2 /* Frameworks */ = {
			isa = PBXFrameworksBuildPhase;
			buildActionMask = 2147483647;
			files = (
			);
			runOnlyForDeploymentPostprocessing = 0;
		};
/* End PBXFrameworksBuildPhase section */

/* Begin PBXGroup section */
		A12C492825CA3376009046B2 = {
			isa = PBXGroup;
			children = (
				A12C493325CA3376009046B2 /* Memorize */,
				A12C493225CA3376009046B2 /* Products */,
			);
			sourceTree = "<group>";
		};
		A12C493225CA3376009046B2 /* Products */ = {
			isa = PBXGroup;
			children = (
				A12C493125CA3376009046B2 /* Memorize.app */,
			);
			name = Products;
			sourceTree = "<group>";
		};
		A12C493325CA3376009046B2 /* Memorize */ = {
			isa = PBXGroup;
			children = (
				A12C493425CA3376009046B2 /* MemorizeApp.swift */,
				A12C493625CA3376009046B2 /* EmojiMemoryGameView.swift */,
				A13F164A25F71BBC00DBEF03 /* Cardify.swift */,
				A14742BB25F5C26000F14CE5 /* Pie.swift */,
				A1C59B2C25E478EE00050547 /* Grid.swift */,
				A143AE3125E893340081EA29 /* Array+Identifiable.swift */,
				A1C59B3425E48A1200050547 /* GridLayout.swift */,
				A1B8403725D4C4390013B4B7 /* MemoryGame.swift */,
				A1C4586425EF15FD00FEC6A0 /* Array+Only.swift */,
				A11CF59C25D741ED00F90D1F /* EmojiMemoryGame.swift */,
				A12C493825CA3379009046B2 /* Assets.xcassets */,
				A12C493D25CA3379009046B2 /* Info.plist */,
				A12C493A25CA3379009046B2 /* Preview Content */,
			);
			path = Memorize;
			sourceTree = "<group>";
		};
		A12C493A25CA3379009046B2 /* Preview Content */ = {
			isa = PBXGroup;
			children = (
				A12C493B25CA3379009046B2 /* Preview Assets.xcassets */,
			);
			path = "Preview Content";
			sourceTree = "<group>";
		};
/* End PBXGroup section */

/* Begin PBXNativeTarget section */
		A12C493025CA3376009046B2 /* Memorize */ = {
			isa = PBXNativeTarget;
			buildConfigurationList = A12C494025CA3379009046B2 /* Build configuration list for PBXNativeTarget "Memorize" */;
			buildPhases = (
				A12C492D25CA3376009046B2 /* Sources */,
				A12C492E25CA3376009046B2 /* Frameworks */,
				A12C492F25CA3376009046B2 /* Resources */,
			);
			buildRules = (
			);
			dependencies = (
			);
			name = Memorize;
			productName = Memorize;
			productReference = A12C493125CA3376009046B2 /* Memorize.app */;
			productType = "com.apple.product-type.application";
		};
/* End PBXNativeTarget section */

/* Begin PBXProject section */
		A12C492925CA3376009046B2 /* Project object */ = {
			isa = PBXProject;
			attributes = {
				LastSwiftUpdateCheck = 1220;
				LastUpgradeCheck = 1220;
				TargetAttributes = {
					A12C493025CA3376009046B2 = {
						CreatedOnToolsVersion = 12.2;
					};
				};
			};
			buildConfigurationList = A12C492C25CA3376009046B2 /* Build configuration list for PBXProject "Memorize" */;
			compatibilityVersion = "Xcode 9.3";
			developmentRegion = en;
			hasScannedForEncodings = 0;
			knownRegions = (
				en,
				Base,
			);
			mainGroup = A12C492825CA3376009046B2;
			productRefGroup = A12C493225CA3376009046B2 /* Products */;
			projectDirPath = "";
			projectRoot = "";
			targets = (
				A12C493025CA3376009046B2 /* Memorize */,
			);
		};
/* End PBXProject section */

/* Begin PBXResourcesBuildPhase section */
		A12C492F25CA3376009046B2 /* Resources */ = {
			isa = PBXResourcesBuildPhase;
			buildActionMask = 2147483647;
			files = (
				A12C493C25CA3379009046B2 /* Preview Assets.xcassets in Resources */,
				A12C493925CA3379009046B2 /* Assets.xcassets in Resources */,
			);
			runOnlyForDeploymentPostprocessing = 0;
		};
/* End PBXResourcesBuildPhase section */

/* Begin PBXSourcesBuildPhase section */
		A12C492D25CA3376009046B2 /* Sources */ = {
			isa = PBXSourcesBuildPhase;
			buildActionMask = 2147483647;
			files = (
				A1B8403825D4C4390013B4B7 /* MemoryGame.swift in Sources */,
				A12C493725CA3376009046B2 /* EmojiMemoryGameView.swift in Sources */,
				A12C493525CA3376009046B2 /* MemorizeApp.swift in Sources */,
				A14742BC25F5C26000F14CE5 /* Pie.swift in Sources */,
				A1C59B3525E48A1200050547 /* GridLayout.swift in Sources */,
				A1C59B2D25E478EE00050547 /* Grid.swift in Sources */,
				A143AE3225E893340081EA29 /* Array+Identifiable.swift in Sources */,
				A11CF59D25D741ED00F90D1F /* EmojiMemoryGame.swift in Sources */,
				A13F164B25F71BBC00DBEF03 /* Cardify.swift in Sources */,
				A1C4586525EF15FD00FEC6A0 /* Array+Only.swift in Sources */,
			);
			runOnlyForDeploymentPostprocessing = 0;
		};
/* End PBXSourcesBuildPhase section */

/* Begin XCBuildConfiguration section */
		A12C493E25CA3379009046B2 /* Debug */ = {
			isa = XCBuildConfiguration;
			buildSettings = {
				ALWAYS_SEARCH_USER_PATHS = NO;
				CLANG_ANALYZER_NONNULL = YES;
				CLANG_ANALYZER_NUMBER_OBJECT_CONVERSION = YES_AGGRESSIVE;
				CLANG_CXX_LANGUAGE_STANDARD = "gnu++14";
				CLANG_CXX_LIBRARY = "libc++";
				CLANG_ENABLE_MODULES = YES;
				CLANG_ENABLE_OBJC_ARC = YES;
				CLANG_ENABLE_OBJC_WEAK = YES;
				CLANG_WARN_BLOCK_CAPTURE_AUTORELEASING = YES;
				CLANG_WARN_BOOL_CONVERSION = YES;
				CLANG_WARN_COMMA = YES;
				CLANG_WARN_CONSTANT_CONVERSION = YES;
				CLANG_WARN_DEPRECATED_OBJC_IMPLEMENTATIONS = YES;
				CLANG_WARN_DIRECT_OBJC_ISA_USAGE = YES_ERROR;
				CLANG_WARN_DOCUMENTATION_COMMENTS = YES;
				CLANG_WARN_EMPTY_BODY = YES;
				CLANG_WARN_ENUM_CONVERSION = YES;
				CLANG_WARN_INFINITE_RECURSION = YES;
				CLANG_WARN_INT_CONVERSION = YES;
				CLANG_WARN_NON_LITERAL_NULL_CONVERSION = YES;
				CLANG_WARN_OBJC_IMPLICIT_RETAIN_SELF = YES;
				CLANG_WARN_OBJC_LITERAL_CONVERSION = YES;
				CLANG_WARN_OBJC_ROOT_CLASS = YES_ERROR;
				CLANG_WARN_QUOTED_INCLUDE_IN_FRAMEWORK_HEADER = YES;
				CLANG_WARN_RANGE_LOOP_ANALYSIS = YES;
				CLANG_WARN_STRICT_PROTOTYPES = YES;
				CLANG_WARN_SUSPICIOUS_MOVE = YES;
				CLANG_WARN_UNGUARDED_AVAILABILITY = YES_AGGRESSIVE;
				CLANG_WARN_UNREACHABLE_CODE = YES;
				CLANG_WARN__DUPLICATE_METHOD_MATCH = YES;
				COPY_PHASE_STRIP = NO;
				DEBUG_INFORMATION_FORMAT = dwarf;
				ENABLE_STRICT_OBJC_MSGSEND = YES;
				ENABLE_TESTABILITY = YES;
				GCC_C_LANGUAGE_STANDARD = gnu11;
				GCC_DYNAMIC_NO_PIC = NO;
				GCC_NO_COMMON_BLOCKS = YES;
				GCC_OPTIMIZATION_LEVEL = 0;
				GCC_PREPROCESSOR_DEFINITIONS = (
					"DEBUG=1",
					"$(inherited)",
				);
				GCC_WARN_64_TO_32_BIT_CONVERSION = YES;
				GCC_WARN_ABOUT_RETURN_TYPE = YES_ERROR;
				GCC_WARN_UNDECLARED_SELECTOR = YES;
				GCC_WARN_UNINITIALIZED_AUTOS = YES_AGGRESSIVE;
				GCC_WARN_UNUSED_FUNCTION = YES;
				GCC_WARN_UNUSED_VARIABLE = YES;
				IPHONEOS_DEPLOYMENT_TARGET = 14.2;
				MTL_ENABLE_DEBUG_INFO = INCLUDE_SOURCE;
				MTL_FAST_MATH = YES;
				ONLY_ACTIVE_ARCH = YES;
				SDKROOT = iphoneos;
				SWIFT_ACTIVE_COMPILATION_CONDITIONS = DEBUG;
				SWIFT_OPTIMIZATION_LEVEL = "-Onone";
			};
			name = Debug;
		};
		A12C493F25CA3379009046B2 /* Release */ = {
			isa = XCBuildConfiguration;
			buildSettings = {
				ALWAYS_SEARCH_USER_PATHS = NO;
				CLANG_ANALYZER_NONNULL = YES;
				CLANG_ANALYZER_NUMBER_OBJECT_CONVERSION = YES_AGGRESSIVE;
				CLANG_CXX_LANGUAGE_STANDARD = "gnu++14";
				CLANG_CXX_LIBRARY = "libc++";
				CLANG_ENABLE_MODULES = YES;
				CLANG_ENABLE_OBJC_ARC = YES;
				CLANG_ENABLE_OBJC_WEAK = YES;
				CLANG_WARN_BLOCK_CAPTURE_AUTORELEASING = YES;
				CLANG_WARN_BOOL_CONVERSION = YES;
				CLANG_WARN_COMMA = YES;
				CLANG_WARN_CONSTANT_CONVERSION = YES;
				CLANG_WARN_DEPRECATED_OBJC_IMPLEMENTATIONS = YES;
				CLANG_WARN_DIRECT_OBJC_ISA_USAGE = YES_ERROR;
				CLANG_WARN_DOCUMENTATION_COMMENTS = YES;
				CLANG_WARN_EMPTY_BODY = YES;
				CLANG_WARN_ENUM_CONVERSION = YES;
				CLANG_WARN_INFINITE_RECURSION = YES;
				CLANG_WARN_INT_CONVERSION = YES;
				CLANG_WARN_NON_LITERAL_NULL_CONVERSION = YES;
				CLANG_WARN_OBJC_IMPLICIT_RETAIN_SELF = YES;
				CLANG_WARN_OBJC_LITERAL_CONVERSION = YES;
				CLANG_WARN_OBJC_ROOT_CLASS = YES_ERROR;
				CLANG_WARN_QUOTED_INCLUDE_IN_FRAMEWORK_HEADER = YES;
				CLANG_WARN_RANGE_LOOP_ANALYSIS = YES;
				CLANG_WARN_STRICT_PROTOTYPES = YES;
				CLANG_WARN_SUSPICIOUS_MOVE = YES;
				CLANG_WARN_UNGUARDED_AVAILABILITY = YES_AGGRESSIVE;
				CLANG_WARN_UNREACHABLE_CODE = YES;
				CLANG_WARN__DUPLICATE_METHOD_MATCH = YES;
				COPY_PHASE_STRIP = NO;
				DEBUG_INFORMATION_FORMAT = "dwarf-with-dsym";
				ENABLE_NS_ASSERTIONS = NO;
				ENABLE_STRICT_OBJC_MSGSEND = YES;
				GCC_C_LANGUAGE_STANDARD = gnu11;
				GCC_NO_COMMON_BLOCKS = YES;
				GCC_WARN_64_TO_32_BIT_CONVERSION = YES;
				GCC_WARN_ABOUT_RETURN_TYPE = YES_ERROR;
				GCC_WARN_UNDECLARED_SELECTOR = YES;
				GCC_WARN_UNINITIALIZED_AUTOS = YES_AGGRESSIVE;
				GCC_WARN_UNUSED_FUNCTION = YES;
				GCC_WARN_UNUSED_VARIABLE = YES;
				IPHONEOS_DEPLOYMENT_TARGET = 14.2;
				MTL_ENABLE_DEBUG_INFO = NO;
				MTL_FAST_MATH = YES;
				SDKROOT = iphoneos;
				SWIFT_COMPILATION_MODE = wholemodule;
				SWIFT_OPTIMIZATION_LEVEL = "-O";
				VALIDATE_PRODUCT = YES;
			};
			name = Release;
		};
		A12C494125CA3379009046B2 /* Debug */ = {
			isa = XCBuildConfiguration;
			buildSettings = {
				ASSETCATALOG_COMPILER_APPICON_NAME = AppIcon;
				ASSETCATALOG_COMPILER_GLOBAL_ACCENT_COLOR_NAME = AccentColor;
				CODE_SIGN_STYLE = Automatic;
				DEVELOPMENT_ASSET_PATHS = "\"Memorize/Preview Content\"";
				DEVELOPMENT_TEAM = 9JZ29X7DB3;
				ENABLE_PREVIEWS = YES;
				INFOPLIST_FILE = Memorize/Info.plist;
				IPHONEOS_DEPLOYMENT_TARGET = 14.0;
				LD_RUNPATH_SEARCH_PATHS = (
					"$(inherited)",
					"@executable_path/Frameworks",
				);
				PRODUCT_BUNDLE_IDENTIFIER = "com.d-gDesenvolvimento.Memorize";
				PRODUCT_NAME = "$(TARGET_NAME)";
				SWIFT_VERSION = 5.0;
				TARGETED_DEVICE_FAMILY = "1,2";
			};
			name = Debug;
		};
		A12C494225CA3379009046B2 /* Release */ = {
			isa = XCBuildConfiguration;
			buildSettings = {
				ASSETCATALOG_COMPILER_APPICON_NAME = AppIcon;
				ASSETCATALOG_COMPILER_GLOBAL_ACCENT_COLOR_NAME = AccentColor;
				CODE_SIGN_STYLE = Automatic;
				DEVELOPMENT_ASSET_PATHS = "\"Memorize/Preview Content\"";
				DEVELOPMENT_TEAM = 9JZ29X7DB3;
				ENABLE_PREVIEWS = YES;
				INFOPLIST_FILE = Memorize/Info.plist;
				IPHONEOS_DEPLOYMENT_TARGET = 14.0;
				LD_RUNPATH_SEARCH_PATHS = (
					"$(inherited)",
					"@executable_path/Frameworks",
				);
				PRODUCT_BUNDLE_IDENTIFIER = "com.d-gDesenvolvimento.Memorize";
				PRODUCT_NAME = "$(TARGET_NAME)";
				SWIFT_VERSION = 5.0;
				TARGETED_DEVICE_FAMILY = "1,2";
			};
			name = Release;
		};
/* End XCBuildConfiguration section */

/* Begin XCConfigurationList section */
		A12C492C25CA3376009046B2 /* Build configuration list for PBXProject "Memorize" */ = {
			isa = XCConfigurationList;
			buildConfigurations = (
				A12C493E25CA3379009046B2 /* Debug */,
				A12C493F25CA3379009046B2 /* Release */,
			);
			defaultConfigurationIsVisible = 0;
			defaultConfigurationName = Release;
		};
		A12C494025CA3379009046B2 /* Build configuration list for PBXNativeTarget "Memorize" */ = {
			isa = XCConfigurationList;
			buildConfigurations = (
				A12C494125CA3379009046B2 /* Debug */,
				A12C494225CA3379009046B2 /* Release */,
			);
			defaultConfigurationIsVisible = 0;
			defaultConfigurationName = Release;
		};
/* End XCConfigurationList section */
	};
	rootObject = A12C492925CA3376009046B2 /* Project object */;
}
